
Microsoft Visual Studio Solution File, Format Version 12.00
# Visual Studio 15
VisualStudioVersion = 15.0.27130.2024
MinimumVisualStudioVersion = 10.0.40219.1
Project("{FAE04EC0-301F-11D3-BF4B-00C04F79EFBC}") = "HudlLogInTests", "HudlLogInTests\HudlLogInTests.csproj", "{A80F3458-F6EB-481D-9386-2E13975EB3B5}"
EndProject
Global
	GlobalSection(SolutionConfigurationPlatforms) = preSolution
		Debug|Any CPU = Debug|Any CPU
		Release|Any CPU = Release|Any CPU
	EndGlobalSection
	GlobalSection(ProjectConfigurationPlatforms) = postSolution
		{A80F3458-F6EB-481D-9386-2E13975EB3B5}.Debug|Any CPU.ActiveCfg = Debug|Any CPU
		{A80F3458-F6EB-481D-9386-2E13975EB3B5}.Debug|Any CPU.Build.0 = Debug|Any CPU
		{A80F3458-F6EB-481D-9386-2E13975EB3B5}.Release|Any CPU.ActiveCfg = Release|Any CPU
		{A80F3458-F6EB-481D-9386-2E13975EB3B5}.Release|Any CPU.Build.0 = Release|Any CPU
	EndGlobalSection
	GlobalSection(SolutionProperties) = preSolution
		HideSolutionNode = FALSE
	EndGlobalSection
	GlobalSection(ExtensibilityGlobals) = postSolution
		SolutionGuid = {6ADA62CB-2BF2-4766-91E8-484DFB0D0DBB}
	EndGlobalSection
EndGlobal
